
Microsoft Visual Studio Solution File, Format Version 12.00
# Visual Studio Version 17
VisualStudioVersion = 17.9.34701.34
MinimumVisualStudioVersion = 10.0.40219.1
Project("{F2A71F9B-5D33-465A-A702-920D77279786}") = "Lab04", "Lab04.fsproj", "{729C4854-7FC6-4051-8A84-91361FB556B4}"
EndProject
Global
	GlobalSection(SolutionConfigurationPlatforms) = preSolution
		Debug|Any CPU = Debug|Any CPU
		Release|Any CPU = Release|Any CPU
	EndGlobalSection
	GlobalSection(ProjectConfigurationPlatforms) = postSolution
		{729C4854-7FC6-4051-8A84-91361FB556B4}.Debug|Any CPU.ActiveCfg = Debug|Any CPU
		{729C4854-7FC6-4051-8A84-91361FB556B4}.Debug|Any CPU.Build.0 = Debug|Any CPU
		{729C4854-7FC6-4051-8A84-91361FB556B4}.Release|Any CPU.ActiveCfg = Release|Any CPU
		{729C4854-7FC6-4051-8A84-91361FB556B4}.Release|Any CPU.Build.0 = Release|Any CPU
	EndGlobalSection
	GlobalSection(SolutionProperties) = preSolution
		HideSolutionNode = FALSE
	EndGlobalSection
	GlobalSection(ExtensibilityGlobals) = postSolution
		SolutionGuid = {4151C71F-06D4-4003-9663-B3F78735F476}
	EndGlobalSection
EndGlobal
